// !$*UTF8*$!
{
	archiveVersion = 1;
	classes = {
	};
	objectVersion = 46;
	objects = {

/* Begin PBXBuildFile section */
		DA2797E91E3263C6008B98C1 /* LaunchScreen.storyboard in Resources */ = {isa = PBXBuildFile; fileRef = DA2797BB1E3263C6008B98C1 /* LaunchScreen.storyboard */; };
		DA2797EA1E3263C6008B98C1 /* CHelp.swift in Sources */ = {isa = PBXBuildFile; fileRef = DA2797BE1E3263C6008B98C1 /* CHelp.swift */; };
		DA2797EB1E3263C6008B98C1 /* CAppDelegate.swift in Sources */ = {isa = PBXBuildFile; fileRef = DA2797C01E3263C6008B98C1 /* CAppDelegate.swift */; };
		DA2797EC1E3263C6008B98C1 /* CController.swift in Sources */ = {isa = PBXBuildFile; fileRef = DA2797C11E3263C6008B98C1 /* CController.swift */; };
		DA2797ED1E3263C6008B98C1 /* CParent.swift in Sources */ = {isa = PBXBuildFile; fileRef = DA2797C21E3263C6008B98C1 /* CParent.swift */; };
		DA2797EE1E3263C6008B98C1 /* DManager.swift in Sources */ = {isa = PBXBuildFile; fileRef = DA2797C41E3263C6008B98C1 /* DManager.swift */; };
		DA2797EF1E3263C6008B98C1 /* ExtensionFileManager.swift in Sources */ = {isa = PBXBuildFile; fileRef = DA2797C61E3263C6008B98C1 /* ExtensionFileManager.swift */; };
		DA2797F01E3263C6008B98C1 /* ExtensionMTLTexture.swift in Sources */ = {isa = PBXBuildFile; fileRef = DA2797C71E3263C6008B98C1 /* ExtensionMTLTexture.swift */; };
		DA2797F11E3263C6008B98C1 /* ExtensionNotification.swift in Sources */ = {isa = PBXBuildFile; fileRef = DA2797C81E3263C6008B98C1 /* ExtensionNotification.swift */; };
		DA2797F21E3263C6008B98C1 /* ExtensionNSLayoutConstraint.swift in Sources */ = {isa = PBXBuildFile; fileRef = DA2797C91E3263C6008B98C1 /* ExtensionNSLayoutConstraint.swift */; };
		DA2797F31E3263C6008B98C1 /* ExtensionNSManagedObject.swift in Sources */ = {isa = PBXBuildFile; fileRef = DA2797CA1E3263C6008B98C1 /* ExtensionNSManagedObject.swift */; };
		DA2797F41E3263C6008B98C1 /* ExtensionUICollectionReusableView.swift in Sources */ = {isa = PBXBuildFile; fileRef = DA2797CB1E3263C6008B98C1 /* ExtensionUICollectionReusableView.swift */; };
		DA2797F51E3263C6008B98C1 /* ExtensionUIColor.swift in Sources */ = {isa = PBXBuildFile; fileRef = DA2797CC1E3263C6008B98C1 /* ExtensionUIColor.swift */; };
		DA2797F61E3263C6008B98C1 /* ExtensionUIFont.swift in Sources */ = {isa = PBXBuildFile; fileRef = DA2797CD1E3263C6008B98C1 /* ExtensionUIFont.swift */; };
		DA2797F71E3263C6008B98C1 /* ExtensionURL.swift in Sources */ = {isa = PBXBuildFile; fileRef = DA2797CE1E3263C6008B98C1 /* ExtensionURL.swift */; };
		DA2797F91E3263C6008B98C1 /* MHelp.swift in Sources */ = {isa = PBXBuildFile; fileRef = DA2797D41E3263C6008B98C1 /* MHelp.swift */; };
		DA2797FA1E3263C6008B98C1 /* MHelpItem.swift in Sources */ = {isa = PBXBuildFile; fileRef = DA2797D51E3263C6008B98C1 /* MHelpItem.swift */; };
		DA2797FB1E3263C6008B98C1 /* MSession.swift in Sources */ = {isa = PBXBuildFile; fileRef = DA2797D71E3263C6008B98C1 /* MSession.swift */; };
		DA2797FC1E3263C6008B98C1 /* Localizable.strings in Resources */ = {isa = PBXBuildFile; fileRef = DA2797D91E3263C6008B98C1 /* Localizable.strings */; };
		DA2797FD1E3263C6008B98C1 /* VHelp.swift in Sources */ = {isa = PBXBuildFile; fileRef = DA2797DD1E3263C6008B98C1 /* VHelp.swift */; };
		DA2797FE1E3263C6008B98C1 /* VHelpCell.swift in Sources */ = {isa = PBXBuildFile; fileRef = DA2797DE1E3263C6008B98C1 /* VHelpCell.swift */; };
		DA2797FF1E3263C6008B98C1 /* VParent.swift in Sources */ = {isa = PBXBuildFile; fileRef = DA2797E11E3263C6008B98C1 /* VParent.swift */; };
		DA2798001E3263C6008B98C1 /* VAlert.swift in Sources */ = {isa = PBXBuildFile; fileRef = DA2797E31E3263C6008B98C1 /* VAlert.swift */; };
		DA2798011E3263C6008B98C1 /* VBlur.swift in Sources */ = {isa = PBXBuildFile; fileRef = DA2797E41E3263C6008B98C1 /* VBlur.swift */; };
		DA2798021E3263C6008B98C1 /* VBorder.swift in Sources */ = {isa = PBXBuildFile; fileRef = DA2797E51E3263C6008B98C1 /* VBorder.swift */; };
		DA2798031E3263C6008B98C1 /* VCollection.swift in Sources */ = {isa = PBXBuildFile; fileRef = DA2797E61E3263C6008B98C1 /* VCollection.swift */; };
		DA2798041E3263C6008B98C1 /* VSpinner.swift in Sources */ = {isa = PBXBuildFile; fileRef = DA2797E71E3263C6008B98C1 /* VSpinner.swift */; };
		DA2798051E3263C6008B98C1 /* VView.swift in Sources */ = {isa = PBXBuildFile; fileRef = DA2797E81E3263C6008B98C1 /* VView.swift */; };
		DA2798081E326AF0008B98C1 /* CFight.swift in Sources */ = {isa = PBXBuildFile; fileRef = DA2798071E326AF0008B98C1 /* CFight.swift */; };
		DA27980B1E326B3A008B98C1 /* VFight.swift in Sources */ = {isa = PBXBuildFile; fileRef = DA27980A1E326B3A008B98C1 /* VFight.swift */; };
		DA27980D1E326F13008B98C1 /* char.xcassets in Resources */ = {isa = PBXBuildFile; fileRef = DA27980C1E326F13008B98C1 /* char.xcassets */; };
		DA27980F1E327224008B98C1 /* VFightMetal.swift in Sources */ = {isa = PBXBuildFile; fileRef = DA27980E1E327224008B98C1 /* VFightMetal.swift */; };
		DA2798141E329116008B98C1 /* MetalSpatialBase.swift in Sources */ = {isa = PBXBuildFile; fileRef = DA2798131E329116008B98C1 /* MetalSpatialBase.swift */; };
		DA2798161E32912F008B98C1 /* MetalSpatialBaseTextured.swift in Sources */ = {isa = PBXBuildFile; fileRef = DA2798151E32912F008B98C1 /* MetalSpatialBaseTextured.swift */; };
		DA2798191E3292D8008B98C1 /* MetalSpatialChar.swift in Sources */ = {isa = PBXBuildFile; fileRef = DA2798181E3292D8008B98C1 /* MetalSpatialChar.swift */; };
		DA27981E1E32951D008B98C1 /* MetalVertex.swift in Sources */ = {isa = PBXBuildFile; fileRef = DA27981D1E32951D008B98C1 /* MetalVertex.swift */; };
		DA2798201E32970A008B98C1 /* MetalVertexTextured.swift in Sources */ = {isa = PBXBuildFile; fileRef = DA27981F1E32970A008B98C1 /* MetalVertexTextured.swift */; };
		DA2798221E32A0C5008B98C1 /* MetalVertexFace.swift in Sources */ = {isa = PBXBuildFile; fileRef = DA2798211E32A0C5008B98C1 /* MetalVertexFace.swift */; };
		DA2798261E32B431008B98C1 /* MetalShaderVertexTextured.metal in Sources */ = {isa = PBXBuildFile; fileRef = DA2798251E32B430008B98C1 /* MetalShaderVertexTextured.metal */; };
		DA2798281E32D349008B98C1 /* MetalShaderFragmentSimple.metal in Sources */ = {isa = PBXBuildFile; fileRef = DA2798271E32D349008B98C1 /* MetalShaderFragmentSimple.metal */; };
		DA2DAC541E34427B003594C1 /* scene.xcassets in Resources */ = {isa = PBXBuildFile; fileRef = DA2DAC531E34427B003594C1 /* scene.xcassets */; };
		DA2DAC571E344353003594C1 /* MetalSpatialScene.swift in Sources */ = {isa = PBXBuildFile; fileRef = DA2DAC561E344353003594C1 /* MetalSpatialScene.swift */; };
		DA2DAC591E344373003594C1 /* MetalSpatialSceneTextures.swift in Sources */ = {isa = PBXBuildFile; fileRef = DA2DAC581E344373003594C1 /* MetalSpatialSceneTextures.swift */; };
		DA2DAC5B1E3443CA003594C1 /* ExtensionMTKTextureLoader.swift in Sources */ = {isa = PBXBuildFile; fileRef = DA2DAC5A1E3443CA003594C1 /* ExtensionMTKTextureLoader.swift */; };
		DA2DAC5D1E344516003594C1 /* MFightScene.swift in Sources */ = {isa = PBXBuildFile; fileRef = DA2DAC5C1E344516003594C1 /* MFightScene.swift */; };
		DA2DAC601E344671003594C1 /* MFightSceneLondon.swift in Sources */ = {isa = PBXBuildFile; fileRef = DA2DAC5F1E344671003594C1 /* MFightSceneLondon.swift */; };
		DA4BB0341E33C97800997DE0 /* ExtensionMTLDevice.swift in Sources */ = {isa = PBXBuildFile; fileRef = DA4BB0331E33C97800997DE0 /* ExtensionMTLDevice.swift */; };
		DA4BB0361E33CC3E00997DE0 /* MetalConstants.swift in Sources */ = {isa = PBXBuildFile; fileRef = DA4BB0351E33CC3E00997DE0 /* MetalConstants.swift */; };
		DA4BB0381E33CEEC00997DE0 /* MetalBufferableData.swift in Sources */ = {isa = PBXBuildFile; fileRef = DA4BB0371E33CEEC00997DE0 /* MetalBufferableData.swift */; };
		DA4BB0421E33F55B00997DE0 /* MFight.swift in Sources */ = {isa = PBXBuildFile; fileRef = DA4BB03F1E33F55B00997DE0 /* MFight.swift */; };
		DA4BB0431E33F55B00997DE0 /* MFightFighter.swift in Sources */ = {isa = PBXBuildFile; fileRef = DA4BB0401E33F55B00997DE0 /* MFightFighter.swift */; };
		DA4BB0451E33F56D00997DE0 /* MFightFighterTuring.swift in Sources */ = {isa = PBXBuildFile; fileRef = DA4BB0441E33F56D00997DE0 /* MFightFighterTuring.swift */; };
		DA4BB0471E33F59300997DE0 /* MFightFighterGauss.swift in Sources */ = {isa = PBXBuildFile; fileRef = DA4BB0461E33F59300997DE0 /* MFightFighterGauss.swift */; };
		DA4BB04B1E33F93B00997DE0 /* MFightPosition.swift in Sources */ = {isa = PBXBuildFile; fileRef = DA4BB04A1E33F93B00997DE0 /* MFightPosition.swift */; };
		DA4BB04D1E33F94F00997DE0 /* MFightFacing.swift in Sources */ = {isa = PBXBuildFile; fileRef = DA4BB04C1E33F94F00997DE0 /* MFightFacing.swift */; };
		DA4BB04F1E33FA7F00997DE0 /* MFightFacingPositive.swift in Sources */ = {isa = PBXBuildFile; fileRef = DA4BB04E1E33FA7F00997DE0 /* MFightFacingPositive.swift */; };
		DA4BB0511E33FA8900997DE0 /* MFightFacingNegative.swift in Sources */ = {isa = PBXBuildFile; fileRef = DA4BB0501E33FA8900997DE0 /* MFightFacingNegative.swift */; };
		DA4BB0531E340DA700997DE0 /* spinner.xcassets in Resources */ = {isa = PBXBuildFile; fileRef = DA4BB0521E340DA700997DE0 /* spinner.xcassets */; };
		DA4BB0551E34138500997DE0 /* MetalSpatialCharTextures.swift in Sources */ = {isa = PBXBuildFile; fileRef = DA4BB0541E34138500997DE0 /* MetalSpatialCharTextures.swift */; };
		DA4BB0571E341C5E00997DE0 /* MFightRound.swift in Sources */ = {isa = PBXBuildFile; fileRef = DA4BB0561E341C5E00997DE0 /* MFightRound.swift */; };
		DA4BB0591E341F4800997DE0 /* MetalRenderableProtocol.swift in Sources */ = {isa = PBXBuildFile; fileRef = DA4BB0581E341F4800997DE0 /* MetalRenderableProtocol.swift */; };
		DA4BB05B1E34200C00997DE0 /* MetalProjectionMatrix.swift in Sources */ = {isa = PBXBuildFile; fileRef = DA4BB05A1E34200C00997DE0 /* MetalProjectionMatrix.swift */; };
		DACC37571E35366C0030DF99 /* MetalSpatialBaseTexturedDirection.swift in Sources */ = {isa = PBXBuildFile; fileRef = DACC37561E35366C0030DF99 /* MetalSpatialBaseTexturedDirection.swift */; };
		DACC37591E3536BF0030DF99 /* MetalSpatialBaseTexturedDirectionPositive.swift in Sources */ = {isa = PBXBuildFile; fileRef = DACC37581E3536BF0030DF99 /* MetalSpatialBaseTexturedDirectionPositive.swift */; };
		DACC375B1E3536CB0030DF99 /* MetalSpatialBaseTexturedDirectionNegative.swift in Sources */ = {isa = PBXBuildFile; fileRef = DACC375A1E3536CB0030DF99 /* MetalSpatialBaseTexturedDirectionNegative.swift */; };
		DACC375D1E3539460030DF99 /* MetalSpatialBaseTexturedPositive.swift in Sources */ = {isa = PBXBuildFile; fileRef = DACC375C1E3539460030DF99 /* MetalSpatialBaseTexturedPositive.swift */; };
		DAE816711E3302F5002574B6 /* MetalProjection.swift in Sources */ = {isa = PBXBuildFile; fileRef = DAE816701E3302F5002574B6 /* MetalProjection.swift */; };
		DAE816731E33071E002574B6 /* MetalBufferableProtocol.swift in Sources */ = {isa = PBXBuildFile; fileRef = DAE816721E33071E002574B6 /* MetalBufferableProtocol.swift */; };
/* End PBXBuildFile section */

/* Begin PBXFileReference section */
		DA2797A51E326090008B98C1 /* ScienceFighter.app */ = {isa = PBXFileReference; explicitFileType = wrapper.application; includeInIndex = 0; path = ScienceFighter.app; sourceTree = BUILT_PRODUCTS_DIR; };
		DA2797BB1E3263C6008B98C1 /* LaunchScreen.storyboard */ = {isa = PBXFileReference; fileEncoding = 4; lastKnownFileType = file.storyboard; path = LaunchScreen.storyboard; sourceTree = "<group>"; };
		DA2797BE1E3263C6008B98C1 /* CHelp.swift */ = {isa = PBXFileReference; fileEncoding = 4; lastKnownFileType = sourcecode.swift; path = CHelp.swift; sourceTree = "<group>"; };
		DA2797C01E3263C6008B98C1 /* CAppDelegate.swift */ = {isa = PBXFileReference; fileEncoding = 4; lastKnownFileType = sourcecode.swift; path = CAppDelegate.swift; sourceTree = "<group>"; };
		DA2797C11E3263C6008B98C1 /* CController.swift */ = {isa = PBXFileReference; fileEncoding = 4; lastKnownFileType = sourcecode.swift; path = CController.swift; sourceTree = "<group>"; };
		DA2797C21E3263C6008B98C1 /* CParent.swift */ = {isa = PBXFileReference; fileEncoding = 4; lastKnownFileType = sourcecode.swift; path = CParent.swift; sourceTree = "<group>"; };
		DA2797C41E3263C6008B98C1 /* DManager.swift */ = {isa = PBXFileReference; fileEncoding = 4; lastKnownFileType = sourcecode.swift; path = DManager.swift; sourceTree = "<group>"; };
		DA2797C61E3263C6008B98C1 /* ExtensionFileManager.swift */ = {isa = PBXFileReference; fileEncoding = 4; lastKnownFileType = sourcecode.swift; path = ExtensionFileManager.swift; sourceTree = "<group>"; };
		DA2797C71E3263C6008B98C1 /* ExtensionMTLTexture.swift */ = {isa = PBXFileReference; fileEncoding = 4; lastKnownFileType = sourcecode.swift; path = ExtensionMTLTexture.swift; sourceTree = "<group>"; };
		DA2797C81E3263C6008B98C1 /* ExtensionNotification.swift */ = {isa = PBXFileReference; fileEncoding = 4; lastKnownFileType = sourcecode.swift; path = ExtensionNotification.swift; sourceTree = "<group>"; };
		DA2797C91E3263C6008B98C1 /* ExtensionNSLayoutConstraint.swift */ = {isa = PBXFileReference; fileEncoding = 4; lastKnownFileType = sourcecode.swift; path = ExtensionNSLayoutConstraint.swift; sourceTree = "<group>"; };
		DA2797CA1E3263C6008B98C1 /* ExtensionNSManagedObject.swift */ = {isa = PBXFileReference; fileEncoding = 4; lastKnownFileType = sourcecode.swift; path = ExtensionNSManagedObject.swift; sourceTree = "<group>"; };
		DA2797CB1E3263C6008B98C1 /* ExtensionUICollectionReusableView.swift */ = {isa = PBXFileReference; fileEncoding = 4; lastKnownFileType = sourcecode.swift; path = ExtensionUICollectionReusableView.swift; sourceTree = "<group>"; };
		DA2797CC1E3263C6008B98C1 /* ExtensionUIColor.swift */ = {isa = PBXFileReference; fileEncoding = 4; lastKnownFileType = sourcecode.swift; path = ExtensionUIColor.swift; sourceTree = "<group>"; };
		DA2797CD1E3263C6008B98C1 /* ExtensionUIFont.swift */ = {isa = PBXFileReference; fileEncoding = 4; lastKnownFileType = sourcecode.swift; path = ExtensionUIFont.swift; sourceTree = "<group>"; };
		DA2797CE1E3263C6008B98C1 /* ExtensionURL.swift */ = {isa = PBXFileReference; fileEncoding = 4; lastKnownFileType = sourcecode.swift; path = ExtensionURL.swift; sourceTree = "<group>"; };
		DA2797CF1E3263C6008B98C1 /* Info.plist */ = {isa = PBXFileReference; fileEncoding = 4; lastKnownFileType = text.plist.xml; path = Info.plist; sourceTree = "<group>"; };
		DA2797D41E3263C6008B98C1 /* MHelp.swift */ = {isa = PBXFileReference; fileEncoding = 4; lastKnownFileType = sourcecode.swift; path = MHelp.swift; sourceTree = "<group>"; };
		DA2797D51E3263C6008B98C1 /* MHelpItem.swift */ = {isa = PBXFileReference; fileEncoding = 4; lastKnownFileType = sourcecode.swift; path = MHelpItem.swift; sourceTree = "<group>"; };
		DA2797D71E3263C6008B98C1 /* MSession.swift */ = {isa = PBXFileReference; fileEncoding = 4; lastKnownFileType = sourcecode.swift; path = MSession.swift; sourceTree = "<group>"; };
		DA2797DA1E3263C6008B98C1 /* en */ = {isa = PBXFileReference; lastKnownFileType = text.plist.strings; name = en; path = en.lproj/Localizable.strings; sourceTree = "<group>"; };
		DA2797DD1E3263C6008B98C1 /* VHelp.swift */ = {isa = PBXFileReference; fileEncoding = 4; lastKnownFileType = sourcecode.swift; path = VHelp.swift; sourceTree = "<group>"; };
		DA2797DE1E3263C6008B98C1 /* VHelpCell.swift */ = {isa = PBXFileReference; fileEncoding = 4; lastKnownFileType = sourcecode.swift; path = VHelpCell.swift; sourceTree = "<group>"; };
		DA2797E11E3263C6008B98C1 /* VParent.swift */ = {isa = PBXFileReference; fileEncoding = 4; lastKnownFileType = sourcecode.swift; path = VParent.swift; sourceTree = "<group>"; };
		DA2797E31E3263C6008B98C1 /* VAlert.swift */ = {isa = PBXFileReference; fileEncoding = 4; lastKnownFileType = sourcecode.swift; path = VAlert.swift; sourceTree = "<group>"; };
		DA2797E41E3263C6008B98C1 /* VBlur.swift */ = {isa = PBXFileReference; fileEncoding = 4; lastKnownFileType = sourcecode.swift; path = VBlur.swift; sourceTree = "<group>"; };
		DA2797E51E3263C6008B98C1 /* VBorder.swift */ = {isa = PBXFileReference; fileEncoding = 4; lastKnownFileType = sourcecode.swift; path = VBorder.swift; sourceTree = "<group>"; };
		DA2797E61E3263C6008B98C1 /* VCollection.swift */ = {isa = PBXFileReference; fileEncoding = 4; lastKnownFileType = sourcecode.swift; path = VCollection.swift; sourceTree = "<group>"; };
		DA2797E71E3263C6008B98C1 /* VSpinner.swift */ = {isa = PBXFileReference; fileEncoding = 4; lastKnownFileType = sourcecode.swift; path = VSpinner.swift; sourceTree = "<group>"; };
		DA2797E81E3263C6008B98C1 /* VView.swift */ = {isa = PBXFileReference; fileEncoding = 4; lastKnownFileType = sourcecode.swift; path = VView.swift; sourceTree = "<group>"; };
		DA2798071E326AF0008B98C1 /* CFight.swift */ = {isa = PBXFileReference; fileEncoding = 4; lastKnownFileType = sourcecode.swift; path = CFight.swift; sourceTree = "<group>"; };
		DA27980A1E326B3A008B98C1 /* VFight.swift */ = {isa = PBXFileReference; fileEncoding = 4; lastKnownFileType = sourcecode.swift; path = VFight.swift; sourceTree = "<group>"; };
		DA27980C1E326F13008B98C1 /* char.xcassets */ = {isa = PBXFileReference; lastKnownFileType = folder.assetcatalog; path = char.xcassets; sourceTree = "<group>"; };
		DA27980E1E327224008B98C1 /* VFightMetal.swift */ = {isa = PBXFileReference; fileEncoding = 4; lastKnownFileType = sourcecode.swift; path = VFightMetal.swift; sourceTree = "<group>"; };
		DA2798131E329116008B98C1 /* MetalSpatialBase.swift */ = {isa = PBXFileReference; fileEncoding = 4; lastKnownFileType = sourcecode.swift; path = MetalSpatialBase.swift; sourceTree = "<group>"; };
		DA2798151E32912F008B98C1 /* MetalSpatialBaseTextured.swift */ = {isa = PBXFileReference; fileEncoding = 4; lastKnownFileType = sourcecode.swift; path = MetalSpatialBaseTextured.swift; sourceTree = "<group>"; };
		DA2798181E3292D8008B98C1 /* MetalSpatialChar.swift */ = {isa = PBXFileReference; fileEncoding = 4; lastKnownFileType = sourcecode.swift; path = MetalSpatialChar.swift; sourceTree = "<group>"; };
		DA27981D1E32951D008B98C1 /* MetalVertex.swift */ = {isa = PBXFileReference; fileEncoding = 4; lastKnownFileType = sourcecode.swift; path = MetalVertex.swift; sourceTree = "<group>"; };
		DA27981F1E32970A008B98C1 /* MetalVertexTextured.swift */ = {isa = PBXFileReference; fileEncoding = 4; lastKnownFileType = sourcecode.swift; path = MetalVertexTextured.swift; sourceTree = "<group>"; };
		DA2798211E32A0C5008B98C1 /* MetalVertexFace.swift */ = {isa = PBXFileReference; fileEncoding = 4; lastKnownFileType = sourcecode.swift; path = MetalVertexFace.swift; sourceTree = "<group>"; };
		DA2798251E32B430008B98C1 /* MetalShaderVertexTextured.metal */ = {isa = PBXFileReference; fileEncoding = 4; lastKnownFileType = sourcecode.metal; path = MetalShaderVertexTextured.metal; sourceTree = "<group>"; };
		DA2798271E32D349008B98C1 /* MetalShaderFragmentSimple.metal */ = {isa = PBXFileReference; fileEncoding = 4; lastKnownFileType = sourcecode.metal; path = MetalShaderFragmentSimple.metal; sourceTree = "<group>"; };
		DA2798291E32D694008B98C1 /* MetalShaderStructs.h */ = {isa = PBXFileReference; lastKnownFileType = sourcecode.c.h; path = MetalShaderStructs.h; sourceTree = "<group>"; };
		DA2DAC531E34427B003594C1 /* scene.xcassets */ = {isa = PBXFileReference; lastKnownFileType = folder.assetcatalog; path = scene.xcassets; sourceTree = "<group>"; };
		DA2DAC561E344353003594C1 /* MetalSpatialScene.swift */ = {isa = PBXFileReference; fileEncoding = 4; lastKnownFileType = sourcecode.swift; path = MetalSpatialScene.swift; sourceTree = "<group>"; };
		DA2DAC581E344373003594C1 /* MetalSpatialSceneTextures.swift */ = {isa = PBXFileReference; fileEncoding = 4; lastKnownFileType = sourcecode.swift; path = MetalSpatialSceneTextures.swift; sourceTree = "<group>"; };
		DA2DAC5A1E3443CA003594C1 /* ExtensionMTKTextureLoader.swift */ = {isa = PBXFileReference; fileEncoding = 4; lastKnownFileType = sourcecode.swift; path = ExtensionMTKTextureLoader.swift; sourceTree = "<group>"; };
		DA2DAC5C1E344516003594C1 /* MFightScene.swift */ = {isa = PBXFileReference; fileEncoding = 4; lastKnownFileType = sourcecode.swift; path = MFightScene.swift; sourceTree = "<group>"; };
		DA2DAC5F1E344671003594C1 /* MFightSceneLondon.swift */ = {isa = PBXFileReference; fileEncoding = 4; lastKnownFileType = sourcecode.swift; path = MFightSceneLondon.swift; sourceTree = "<group>"; };
		DA4BB0331E33C97800997DE0 /* ExtensionMTLDevice.swift */ = {isa = PBXFileReference; fileEncoding = 4; lastKnownFileType = sourcecode.swift; path = ExtensionMTLDevice.swift; sourceTree = "<group>"; };
		DA4BB0351E33CC3E00997DE0 /* MetalConstants.swift */ = {isa = PBXFileReference; fileEncoding = 4; lastKnownFileType = sourcecode.swift; path = MetalConstants.swift; sourceTree = "<group>"; };
		DA4BB0371E33CEEC00997DE0 /* MetalBufferableData.swift */ = {isa = PBXFileReference; fileEncoding = 4; lastKnownFileType = sourcecode.swift; path = MetalBufferableData.swift; sourceTree = "<group>"; };
		DA4BB03F1E33F55B00997DE0 /* MFight.swift */ = {isa = PBXFileReference; fileEncoding = 4; lastKnownFileType = sourcecode.swift; path = MFight.swift; sourceTree = "<group>"; };
		DA4BB0401E33F55B00997DE0 /* MFightFighter.swift */ = {isa = PBXFileReference; fileEncoding = 4; lastKnownFileType = sourcecode.swift; path = MFightFighter.swift; sourceTree = "<group>"; };
		DA4BB0441E33F56D00997DE0 /* MFightFighterTuring.swift */ = {isa = PBXFileReference; fileEncoding = 4; lastKnownFileType = sourcecode.swift; path = MFightFighterTuring.swift; sourceTree = "<group>"; };
		DA4BB0461E33F59300997DE0 /* MFightFighterGauss.swift */ = {isa = PBXFileReference; fileEncoding = 4; lastKnownFileType = sourcecode.swift; path = MFightFighterGauss.swift; sourceTree = "<group>"; };
		DA4BB04A1E33F93B00997DE0 /* MFightPosition.swift */ = {isa = PBXFileReference; fileEncoding = 4; lastKnownFileType = sourcecode.swift; path = MFightPosition.swift; sourceTree = "<group>"; };
		DA4BB04C1E33F94F00997DE0 /* MFightFacing.swift */ = {isa = PBXFileReference; fileEncoding = 4; lastKnownFileType = sourcecode.swift; path = MFightFacing.swift; sourceTree = "<group>"; };
		DA4BB04E1E33FA7F00997DE0 /* MFightFacingPositive.swift */ = {isa = PBXFileReference; fileEncoding = 4; lastKnownFileType = sourcecode.swift; path = MFightFacingPositive.swift; sourceTree = "<group>"; };
		DA4BB0501E33FA8900997DE0 /* MFightFacingNegative.swift */ = {isa = PBXFileReference; fileEncoding = 4; lastKnownFileType = sourcecode.swift; path = MFightFacingNegative.swift; sourceTree = "<group>"; };
		DA4BB0521E340DA700997DE0 /* spinner.xcassets */ = {isa = PBXFileReference; lastKnownFileType = folder.assetcatalog; path = spinner.xcassets; sourceTree = "<group>"; };
		DA4BB0541E34138500997DE0 /* MetalSpatialCharTextures.swift */ = {isa = PBXFileReference; fileEncoding = 4; lastKnownFileType = sourcecode.swift; path = MetalSpatialCharTextures.swift; sourceTree = "<group>"; };
		DA4BB0561E341C5E00997DE0 /* MFightRound.swift */ = {isa = PBXFileReference; fileEncoding = 4; lastKnownFileType = sourcecode.swift; path = MFightRound.swift; sourceTree = "<group>"; };
		DA4BB0581E341F4800997DE0 /* MetalRenderableProtocol.swift */ = {isa = PBXFileReference; fileEncoding = 4; lastKnownFileType = sourcecode.swift; path = MetalRenderableProtocol.swift; sourceTree = "<group>"; };
		DA4BB05A1E34200C00997DE0 /* MetalProjectionMatrix.swift */ = {isa = PBXFileReference; fileEncoding = 4; lastKnownFileType = sourcecode.swift; path = MetalProjectionMatrix.swift; sourceTree = "<group>"; };
		DACC37561E35366C0030DF99 /* MetalSpatialBaseTexturedDirection.swift */ = {isa = PBXFileReference; fileEncoding = 4; lastKnownFileType = sourcecode.swift; path = MetalSpatialBaseTexturedDirection.swift; sourceTree = "<group>"; };
		DACC37581E3536BF0030DF99 /* MetalSpatialBaseTexturedDirectionPositive.swift */ = {isa = PBXFileReference; fileEncoding = 4; lastKnownFileType = sourcecode.swift; path = MetalSpatialBaseTexturedDirectionPositive.swift; sourceTree = "<group>"; };
		DACC375A1E3536CB0030DF99 /* MetalSpatialBaseTexturedDirectionNegative.swift */ = {isa = PBXFileReference; fileEncoding = 4; lastKnownFileType = sourcecode.swift; path = MetalSpatialBaseTexturedDirectionNegative.swift; sourceTree = "<group>"; };
		DACC375C1E3539460030DF99 /* MetalSpatialBaseTexturedPositive.swift */ = {isa = PBXFileReference; fileEncoding = 4; lastKnownFileType = sourcecode.swift; path = MetalSpatialBaseTexturedPositive.swift; sourceTree = "<group>"; };
		DAE816701E3302F5002574B6 /* MetalProjection.swift */ = {isa = PBXFileReference; fileEncoding = 4; lastKnownFileType = sourcecode.swift; path = MetalProjection.swift; sourceTree = "<group>"; };
		DAE816721E33071E002574B6 /* MetalBufferableProtocol.swift */ = {isa = PBXFileReference; fileEncoding = 4; lastKnownFileType = sourcecode.swift; path = MetalBufferableProtocol.swift; sourceTree = "<group>"; };
/* End PBXFileReference section */

/* Begin PBXFrameworksBuildPhase section */
		DA2797A21E326090008B98C1 /* Frameworks */ = {
			isa = PBXFrameworksBuildPhase;
			buildActionMask = 2147483647;
			files = (
			);
			runOnlyForDeploymentPostprocessing = 0;
		};
/* End PBXFrameworksBuildPhase section */

/* Begin PBXGroup section */
		DA27979C1E326090008B98C1 = {
			isa = PBXGroup;
			children = (
				DA2797A71E326090008B98C1 /* ScienceFighter */,
				DA2797A61E326090008B98C1 /* Products */,
			);
			sourceTree = "<group>";
		};
		DA2797A61E326090008B98C1 /* Products */ = {
			isa = PBXGroup;
			children = (
				DA2797A51E326090008B98C1 /* ScienceFighter.app */,
			);
			name = Products;
			sourceTree = "<group>";
		};
		DA2797A71E326090008B98C1 /* ScienceFighter */ = {
			isa = PBXGroup;
			children = (
				DA2797BA1E3263C6008B98C1 /* Assets */,
				DA2797BC1E3263C6008B98C1 /* Controller */,
				DA2797C31E3263C6008B98C1 /* Data */,
				DA2797C51E3263C6008B98C1 /* Extensions */,
				DA2797CF1E3263C6008B98C1 /* Info.plist */,
				DA2797D01E3263C6008B98C1 /* Metal */,
				DA2797D11E3263C6008B98C1 /* Model */,
				DA2797D81E3263C6008B98C1 /* Resource */,
				DA2797DB1E3263C6008B98C1 /* View */,
			);
			path = ScienceFighter;
			sourceTree = "<group>";
		};
		DA2797BA1E3263C6008B98C1 /* Assets */ = {
			isa = PBXGroup;
			children = (
				DA2797BB1E3263C6008B98C1 /* LaunchScreen.storyboard */,
				DA27980C1E326F13008B98C1 /* char.xcassets */,
				DA4BB0521E340DA700997DE0 /* spinner.xcassets */,
				DA2DAC531E34427B003594C1 /* scene.xcassets */,
			);
			path = Assets;
			sourceTree = "<group>";
		};
		DA2797BC1E3263C6008B98C1 /* Controller */ = {
			isa = PBXGroup;
			children = (
				DA2798061E326AE5008B98C1 /* Fight */,
				DA2797BD1E3263C6008B98C1 /* Help */,
				DA2797BF1E3263C6008B98C1 /* Main */,
			);
			path = Controller;
			sourceTree = "<group>";
		};
		DA2797BD1E3263C6008B98C1 /* Help */ = {
			isa = PBXGroup;
			children = (
				DA2797BE1E3263C6008B98C1 /* CHelp.swift */,
			);
			path = Help;
			sourceTree = "<group>";
		};
		DA2797BF1E3263C6008B98C1 /* Main */ = {
			isa = PBXGroup;
			children = (
				DA2797C01E3263C6008B98C1 /* CAppDelegate.swift */,
				DA2797C11E3263C6008B98C1 /* CController.swift */,
				DA2797C21E3263C6008B98C1 /* CParent.swift */,
			);
			path = Main;
			sourceTree = "<group>";
		};
		DA2797C31E3263C6008B98C1 /* Data */ = {
			isa = PBXGroup;
			children = (
				DA2797C41E3263C6008B98C1 /* DManager.swift */,
			);
			path = Data;
			sourceTree = "<group>";
		};
		DA2797C51E3263C6008B98C1 /* Extensions */ = {
			isa = PBXGroup;
			children = (
				DA2797C61E3263C6008B98C1 /* ExtensionFileManager.swift */,
				DA2797C71E3263C6008B98C1 /* ExtensionMTLTexture.swift */,
				DA4BB0331E33C97800997DE0 /* ExtensionMTLDevice.swift */,
				DA2DAC5A1E3443CA003594C1 /* ExtensionMTKTextureLoader.swift */,
				DA2797C81E3263C6008B98C1 /* ExtensionNotification.swift */,
				DA2797C91E3263C6008B98C1 /* ExtensionNSLayoutConstraint.swift */,
				DA2797CA1E3263C6008B98C1 /* ExtensionNSManagedObject.swift */,
				DA2797CB1E3263C6008B98C1 /* ExtensionUICollectionReusableView.swift */,
				DA2797CC1E3263C6008B98C1 /* ExtensionUIColor.swift */,
				DA2797CD1E3263C6008B98C1 /* ExtensionUIFont.swift */,
				DA2797CE1E3263C6008B98C1 /* ExtensionURL.swift */,
			);
			path = Extensions;
			sourceTree = "<group>";
		};
		DA2797D01E3263C6008B98C1 /* Metal */ = {
			isa = PBXGroup;
			children = (
				DAE8166F1E3302DF002574B6 /* General */,
				DA2798241E32B413008B98C1 /* Shader */,
				DA27981C1E329511008B98C1 /* Vertex */,
				DA2798101E3290FE008B98C1 /* Spatial */,
			);
			path = Metal;
			sourceTree = "<group>";
		};
		DA2797D11E3263C6008B98C1 /* Model */ = {
			isa = PBXGroup;
			children = (
				DA4BB0391E33F45900997DE0 /* Fight */,
				DA2797D21E3263C6008B98C1 /* Help */,
				DA2797D61E3263C6008B98C1 /* Session */,
			);
			path = Model;
			sourceTree = "<group>";
		};
		DA2797D21E3263C6008B98C1 /* Help */ = {
			isa = PBXGroup;
			children = (
				DA2797D31E3263C6008B98C1 /* Main */,
			);
			path = Help;
			sourceTree = "<group>";
		};
		DA2797D31E3263C6008B98C1 /* Main */ = {
			isa = PBXGroup;
			children = (
				DA2797D41E3263C6008B98C1 /* MHelp.swift */,
				DA2797D51E3263C6008B98C1 /* MHelpItem.swift */,
			);
			path = Main;
			sourceTree = "<group>";
		};
		DA2797D61E3263C6008B98C1 /* Session */ = {
			isa = PBXGroup;
			children = (
				DA2797D71E3263C6008B98C1 /* MSession.swift */,
			);
			path = Session;
			sourceTree = "<group>";
		};
		DA2797D81E3263C6008B98C1 /* Resource */ = {
			isa = PBXGroup;
			children = (
				DA2797D91E3263C6008B98C1 /* Localizable.strings */,
			);
			path = Resource;
			sourceTree = "<group>";
		};
		DA2797DB1E3263C6008B98C1 /* View */ = {
			isa = PBXGroup;
			children = (
				DA2798091E326B31008B98C1 /* Fight */,
				DA2797DC1E3263C6008B98C1 /* Help */,
				DA2797DF1E3263C6008B98C1 /* Main */,
			);
			path = View;
			sourceTree = "<group>";
		};
		DA2797DC1E3263C6008B98C1 /* Help */ = {
			isa = PBXGroup;
			children = (
				DA2797DD1E3263C6008B98C1 /* VHelp.swift */,
				DA2797DE1E3263C6008B98C1 /* VHelpCell.swift */,
			);
			path = Help;
			sourceTree = "<group>";
		};
		DA2797DF1E3263C6008B98C1 /* Main */ = {
			isa = PBXGroup;
			children = (
				DA2797E01E3263C6008B98C1 /* Parent */,
				DA2797E21E3263C6008B98C1 /* Subclasses */,
			);
			path = Main;
			sourceTree = "<group>";
		};
		DA2797E01E3263C6008B98C1 /* Parent */ = {
			isa = PBXGroup;
			children = (
				DA2797E11E3263C6008B98C1 /* VParent.swift */,
			);
			path = Parent;
			sourceTree = "<group>";
		};
		DA2797E21E3263C6008B98C1 /* Subclasses */ = {
			isa = PBXGroup;
			children = (
				DA2797E31E3263C6008B98C1 /* VAlert.swift */,
				DA2797E41E3263C6008B98C1 /* VBlur.swift */,
				DA2797E51E3263C6008B98C1 /* VBorder.swift */,
				DA2797E61E3263C6008B98C1 /* VCollection.swift */,
				DA2797E71E3263C6008B98C1 /* VSpinner.swift */,
				DA2797E81E3263C6008B98C1 /* VView.swift */,
			);
			path = Subclasses;
			sourceTree = "<group>";
		};
		DA2798061E326AE5008B98C1 /* Fight */ = {
			isa = PBXGroup;
			children = (
				DA2798071E326AF0008B98C1 /* CFight.swift */,
			);
			path = Fight;
			sourceTree = "<group>";
		};
		DA2798091E326B31008B98C1 /* Fight */ = {
			isa = PBXGroup;
			children = (
				DA27980A1E326B3A008B98C1 /* VFight.swift */,
				DA27980E1E327224008B98C1 /* VFightMetal.swift */,
			);
			path = Fight;
			sourceTree = "<group>";
		};
		DA2798101E3290FE008B98C1 /* Spatial */ = {
			isa = PBXGroup;
			children = (
				DA2798111E3290FE008B98C1 /* Base */,
				DA2DAC551E34433C003594C1 /* Scene */,
				DA2798171E3292BE008B98C1 /* Char */,
			);
			path = Spatial;
			sourceTree = "<group>";
		};
		DA2798111E3290FE008B98C1 /* Base */ = {
			isa = PBXGroup;
			children = (
				DA2798131E329116008B98C1 /* MetalSpatialBase.swift */,
				DA2798151E32912F008B98C1 /* MetalSpatialBaseTextured.swift */,
				DACC375C1E3539460030DF99 /* MetalSpatialBaseTexturedPositive.swift */,
				DACC37561E35366C0030DF99 /* MetalSpatialBaseTexturedDirection.swift */,
				DACC37581E3536BF0030DF99 /* MetalSpatialBaseTexturedDirectionPositive.swift */,
				DACC375A1E3536CB0030DF99 /* MetalSpatialBaseTexturedDirectionNegative.swift */,
			);
			path = Base;
			sourceTree = "<group>";
		};
		DA2798171E3292BE008B98C1 /* Char */ = {
			isa = PBXGroup;
			children = (
				DA2798181E3292D8008B98C1 /* MetalSpatialChar.swift */,
				DA4BB0541E34138500997DE0 /* MetalSpatialCharTextures.swift */,
			);
			path = Char;
			sourceTree = "<group>";
		};
		DA27981C1E329511008B98C1 /* Vertex */ = {
			isa = PBXGroup;
			children = (
				DA27981D1E32951D008B98C1 /* MetalVertex.swift */,
				DA27981F1E32970A008B98C1 /* MetalVertexTextured.swift */,
				DA2798211E32A0C5008B98C1 /* MetalVertexFace.swift */,
			);
			path = Vertex;
			sourceTree = "<group>";
		};
		DA2798241E32B413008B98C1 /* Shader */ = {
			isa = PBXGroup;
			children = (
				DA2798291E32D694008B98C1 /* MetalShaderStructs.h */,
				DA2798251E32B430008B98C1 /* MetalShaderVertexTextured.metal */,
				DA2798271E32D349008B98C1 /* MetalShaderFragmentSimple.metal */,
			);
			path = Shader;
			sourceTree = "<group>";
		};
		DA2DAC551E34433C003594C1 /* Scene */ = {
			isa = PBXGroup;
			children = (
				DA2DAC561E344353003594C1 /* MetalSpatialScene.swift */,
				DA2DAC581E344373003594C1 /* MetalSpatialSceneTextures.swift */,
			);
			path = Scene;
			sourceTree = "<group>";
		};
		DA2DAC5E1E34465E003594C1 /* Scene */ = {
			isa = PBXGroup;
			children = (
				DA2DAC5F1E344671003594C1 /* MFightSceneLondon.swift */,
			);
			path = Scene;
			sourceTree = "<group>";
		};
		DA4BB0391E33F45900997DE0 /* Fight */ = {
			isa = PBXGroup;
			children = (
				DA4BB03E1E33F55B00997DE0 /* Base */,
				DA4BB0481E33F91D00997DE0 /* Facing */,
				DA4BB0491E33F91D00997DE0 /* Position */,
				DA2DAC5E1E34465E003594C1 /* Scene */,
				DA4BB0411E33F55B00997DE0 /* Fighter */,
			);
			path = Fight;
			sourceTree = "<group>";
		};
		DA4BB03E1E33F55B00997DE0 /* Base */ = {
			isa = PBXGroup;
			children = (
				DA4BB03F1E33F55B00997DE0 /* MFight.swift */,
				DA4BB0561E341C5E00997DE0 /* MFightRound.swift */,
				DA4BB0401E33F55B00997DE0 /* MFightFighter.swift */,
				DA2DAC5C1E344516003594C1 /* MFightScene.swift */,
			);
			path = Base;
			sourceTree = "<group>";
		};
		DA4BB0411E33F55B00997DE0 /* Fighter */ = {
			isa = PBXGroup;
			children = (
				DA4BB0441E33F56D00997DE0 /* MFightFighterTuring.swift */,
				DA4BB0461E33F59300997DE0 /* MFightFighterGauss.swift */,
			);
			path = Fighter;
			sourceTree = "<group>";
		};
		DA4BB0481E33F91D00997DE0 /* Facing */ = {
			isa = PBXGroup;
			children = (
				DA4BB04C1E33F94F00997DE0 /* MFightFacing.swift */,
				DA4BB04E1E33FA7F00997DE0 /* MFightFacingPositive.swift */,
				DA4BB0501E33FA8900997DE0 /* MFightFacingNegative.swift */,
			);
			path = Facing;
			sourceTree = "<group>";
		};
		DA4BB0491E33F91D00997DE0 /* Position */ = {
			isa = PBXGroup;
			children = (
				DA4BB04A1E33F93B00997DE0 /* MFightPosition.swift */,
			);
			path = Position;
			sourceTree = "<group>";
		};
		DAE8166F1E3302DF002574B6 /* General */ = {
			isa = PBXGroup;
			children = (
				DA4BB0351E33CC3E00997DE0 /* MetalConstants.swift */,
				DAE816721E33071E002574B6 /* MetalBufferableProtocol.swift */,
				DA4BB0581E341F4800997DE0 /* MetalRenderableProtocol.swift */,
				DA4BB0371E33CEEC00997DE0 /* MetalBufferableData.swift */,
				DAE816701E3302F5002574B6 /* MetalProjection.swift */,
				DA4BB05A1E34200C00997DE0 /* MetalProjectionMatrix.swift */,
			);
			path = General;
			sourceTree = "<group>";
		};
/* End PBXGroup section */

/* Begin PBXNativeTarget section */
		DA2797A41E326090008B98C1 /* ScienceFighter */ = {
			isa = PBXNativeTarget;
			buildConfigurationList = DA2797B71E326090008B98C1 /* Build configuration list for PBXNativeTarget "ScienceFighter" */;
			buildPhases = (
				DA2797A11E326090008B98C1 /* Sources */,
				DA2797A21E326090008B98C1 /* Frameworks */,
				DA2797A31E326090008B98C1 /* Resources */,
			);
			buildRules = (
			);
			dependencies = (
			);
			name = ScienceFighter;
			productName = ScienceFighter;
			productReference = DA2797A51E326090008B98C1 /* ScienceFighter.app */;
			productType = "com.apple.product-type.application";
		};
/* End PBXNativeTarget section */

/* Begin PBXProject section */
		DA27979D1E326090008B98C1 /* Project object */ = {
			isa = PBXProject;
			attributes = {
				LastSwiftUpdateCheck = 0820;
				LastUpgradeCheck = 0820;
				ORGANIZATIONNAME = iturbide;
				TargetAttributes = {
					DA2797A41E326090008B98C1 = {
						CreatedOnToolsVersion = 8.2.1;
						DevelopmentTeam = 7AMWG3RLHN;
						ProvisioningStyle = Automatic;
					};
				};
			};
			buildConfigurationList = DA2797A01E326090008B98C1 /* Build configuration list for PBXProject "ScienceFighter" */;
			compatibilityVersion = "Xcode 3.2";
			developmentRegion = English;
			hasScannedForEncodings = 0;
			knownRegions = (
				en,
			);
			mainGroup = DA27979C1E326090008B98C1;
			productRefGroup = DA2797A61E326090008B98C1 /* Products */;
			projectDirPath = "";
			projectRoot = "";
			targets = (
				DA2797A41E326090008B98C1 /* ScienceFighter */,
			);
		};
/* End PBXProject section */

/* Begin PBXResourcesBuildPhase section */
		DA2797A31E326090008B98C1 /* Resources */ = {
			isa = PBXResourcesBuildPhase;
			buildActionMask = 2147483647;
			files = (
				DA2797FC1E3263C6008B98C1 /* Localizable.strings in Resources */,
				DA27980D1E326F13008B98C1 /* char.xcassets in Resources */,
				DA2797E91E3263C6008B98C1 /* LaunchScreen.storyboard in Resources */,
				DA4BB0531E340DA700997DE0 /* spinner.xcassets in Resources */,
				DA2DAC541E34427B003594C1 /* scene.xcassets in Resources */,
			);
			runOnlyForDeploymentPostprocessing = 0;
		};
/* End PBXResourcesBuildPhase section */

/* Begin PBXSourcesBuildPhase section */
		DA2797A11E326090008B98C1 /* Sources */ = {
			isa = PBXSourcesBuildPhase;
			buildActionMask = 2147483647;
			files = (
				DA2798161E32912F008B98C1 /* MetalSpatialBaseTextured.swift in Sources */,
				DA2DAC5B1E3443CA003594C1 /* ExtensionMTKTextureLoader.swift in Sources */,
				DA2797FF1E3263C6008B98C1 /* VParent.swift in Sources */,
				DA2797EE1E3263C6008B98C1 /* DManager.swift in Sources */,
				DA2797FE1E3263C6008B98C1 /* VHelpCell.swift in Sources */,
				DA4BB0511E33FA8900997DE0 /* MFightFacingNegative.swift in Sources */,
				DA2797F91E3263C6008B98C1 /* MHelp.swift in Sources */,
				DA4BB0471E33F59300997DE0 /* MFightFighterGauss.swift in Sources */,
				DA2797EF1E3263C6008B98C1 /* ExtensionFileManager.swift in Sources */,
				DA2DAC571E344353003594C1 /* MetalSpatialScene.swift in Sources */,
				DA2797FD1E3263C6008B98C1 /* VHelp.swift in Sources */,
				DA2797F21E3263C6008B98C1 /* ExtensionNSLayoutConstraint.swift in Sources */,
				DA2798081E326AF0008B98C1 /* CFight.swift in Sources */,
				DA4BB0571E341C5E00997DE0 /* MFightRound.swift in Sources */,
				DAE816711E3302F5002574B6 /* MetalProjection.swift in Sources */,
				DA27981E1E32951D008B98C1 /* MetalVertex.swift in Sources */,
				DA4BB0361E33CC3E00997DE0 /* MetalConstants.swift in Sources */,
				DA2DAC5D1E344516003594C1 /* MFightScene.swift in Sources */,
				DAE816731E33071E002574B6 /* MetalBufferableProtocol.swift in Sources */,
				DA2798001E3263C6008B98C1 /* VAlert.swift in Sources */,
				DA2798261E32B431008B98C1 /* MetalShaderVertexTextured.metal in Sources */,
				DACC375D1E3539460030DF99 /* MetalSpatialBaseTexturedPositive.swift in Sources */,
				DA2797F31E3263C6008B98C1 /* ExtensionNSManagedObject.swift in Sources */,
				DA2797F11E3263C6008B98C1 /* ExtensionNotification.swift in Sources */,
				DA27980B1E326B3A008B98C1 /* VFight.swift in Sources */,
				DA2797F61E3263C6008B98C1 /* ExtensionUIFont.swift in Sources */,
				DA2798041E3263C6008B98C1 /* VSpinner.swift in Sources */,
				DA4BB04F1E33FA7F00997DE0 /* MFightFacingPositive.swift in Sources */,
				DA2797F01E3263C6008B98C1 /* ExtensionMTLTexture.swift in Sources */,
				DA2798191E3292D8008B98C1 /* MetalSpatialChar.swift in Sources */,
				DA2797EB1E3263C6008B98C1 /* CAppDelegate.swift in Sources */,
				DA4BB05B1E34200C00997DE0 /* MetalProjectionMatrix.swift in Sources */,
				DA2798281E32D349008B98C1 /* MetalShaderFragmentSimple.metal in Sources */,
				DA2797FB1E3263C6008B98C1 /* MSession.swift in Sources */,
				DA2798221E32A0C5008B98C1 /* MetalVertexFace.swift in Sources */,
				DA4BB0421E33F55B00997DE0 /* MFight.swift in Sources */,
				DA2798141E329116008B98C1 /* MetalSpatialBase.swift in Sources */,
				DA4BB0341E33C97800997DE0 /* ExtensionMTLDevice.swift in Sources */,
				DA4BB0431E33F55B00997DE0 /* MFightFighter.swift in Sources */,
				DA2798051E3263C6008B98C1 /* VView.swift in Sources */,
				DA2DAC591E344373003594C1 /* MetalSpatialSceneTextures.swift in Sources */,
				DA2798031E3263C6008B98C1 /* VCollection.swift in Sources */,
				DA2797F51E3263C6008B98C1 /* ExtensionUIColor.swift in Sources */,
				DA2DAC601E344671003594C1 /* MFightSceneLondon.swift in Sources */,
				DA2797F41E3263C6008B98C1 /* ExtensionUICollectionReusableView.swift in Sources */,
				DA4BB04B1E33F93B00997DE0 /* MFightPosition.swift in Sources */,
				DA4BB04D1E33F94F00997DE0 /* MFightFacing.swift in Sources */,
				DA2797ED1E3263C6008B98C1 /* CParent.swift in Sources */,
				DA2797EA1E3263C6008B98C1 /* CHelp.swift in Sources */,
				DA2797EC1E3263C6008B98C1 /* CController.swift in Sources */,
				DACC375B1E3536CB0030DF99 /* MetalSpatialBaseTexturedDirectionNegative.swift in Sources */,
				DA2797F71E3263C6008B98C1 /* ExtensionURL.swift in Sources */,
				DA27980F1E327224008B98C1 /* VFightMetal.swift in Sources */,
				DA2797FA1E3263C6008B98C1 /* MHelpItem.swift in Sources */,
				DACC37591E3536BF0030DF99 /* MetalSpatialBaseTexturedDirectionPositive.swift in Sources */,
				DACC37571E35366C0030DF99 /* MetalSpatialBaseTexturedDirection.swift in Sources */,
				DA2798021E3263C6008B98C1 /* VBorder.swift in Sources */,
				DA4BB0381E33CEEC00997DE0 /* MetalBufferableData.swift in Sources */,
				DA4BB0591E341F4800997DE0 /* MetalRenderableProtocol.swift in Sources */,
				DA2798201E32970A008B98C1 /* MetalVertexTextured.swift in Sources */,
				DA2798011E3263C6008B98C1 /* VBlur.swift in Sources */,
				DA4BB0451E33F56D00997DE0 /* MFightFighterTuring.swift in Sources */,
				DA4BB0551E34138500997DE0 /* MetalSpatialCharTextures.swift in Sources */,
			);
			runOnlyForDeploymentPostprocessing = 0;
		};
/* End PBXSourcesBuildPhase section */

/* Begin PBXVariantGroup section */
		DA2797D91E3263C6008B98C1 /* Localizable.strings */ = {
			isa = PBXVariantGroup;
			children = (
				DA2797DA1E3263C6008B98C1 /* en */,
			);
			name = Localizable.strings;
			sourceTree = "<group>";
		};
/* End PBXVariantGroup section */

/* Begin XCBuildConfiguration section */
		DA2797B51E326090008B98C1 /* Debug */ = {
			isa = XCBuildConfiguration;
			buildSettings = {
				ALWAYS_SEARCH_USER_PATHS = NO;
				CLANG_ANALYZER_NONNULL = YES;
				CLANG_CXX_LANGUAGE_STANDARD = "gnu++0x";
				CLANG_CXX_LIBRARY = "libc++";
				CLANG_ENABLE_MODULES = YES;
				CLANG_ENABLE_OBJC_ARC = YES;
				CLANG_WARN_BOOL_CONVERSION = YES;
				CLANG_WARN_CONSTANT_CONVERSION = YES;
				CLANG_WARN_DIRECT_OBJC_ISA_USAGE = YES_ERROR;
				CLANG_WARN_DOCUMENTATION_COMMENTS = YES;
				CLANG_WARN_EMPTY_BODY = YES;
				CLANG_WARN_ENUM_CONVERSION = YES;
				CLANG_WARN_INFINITE_RECURSION = YES;
				CLANG_WARN_INT_CONVERSION = YES;
				CLANG_WARN_OBJC_ROOT_CLASS = YES_ERROR;
				CLANG_WARN_SUSPICIOUS_MOVE = YES;
				CLANG_WARN_UNREACHABLE_CODE = YES;
				CLANG_WARN__DUPLICATE_METHOD_MATCH = YES;
				"CODE_SIGN_IDENTITY[sdk=iphoneos*]" = "iPhone Developer";
				COPY_PHASE_STRIP = NO;
				DEBUG_INFORMATION_FORMAT = dwarf;
				ENABLE_STRICT_OBJC_MSGSEND = YES;
				ENABLE_TESTABILITY = YES;
				GCC_C_LANGUAGE_STANDARD = gnu99;
				GCC_DYNAMIC_NO_PIC = NO;
				GCC_NO_COMMON_BLOCKS = YES;
				GCC_OPTIMIZATION_LEVEL = 0;
				GCC_PREPROCESSOR_DEFINITIONS = (
					"DEBUG=1",
					"$(inherited)",
				);
				GCC_WARN_64_TO_32_BIT_CONVERSION = YES;
				GCC_WARN_ABOUT_RETURN_TYPE = YES_ERROR;
				GCC_WARN_UNDECLARED_SELECTOR = YES;
				GCC_WARN_UNINITIALIZED_AUTOS = YES_AGGRESSIVE;
				GCC_WARN_UNUSED_FUNCTION = YES;
				GCC_WARN_UNUSED_VARIABLE = YES;
				IPHONEOS_DEPLOYMENT_TARGET = 9.0;
				MTL_ENABLE_DEBUG_INFO = YES;
				ONLY_ACTIVE_ARCH = YES;
				SDKROOT = iphoneos;
				SWIFT_ACTIVE_COMPILATION_CONDITIONS = DEBUG;
				SWIFT_OPTIMIZATION_LEVEL = "-Onone";
				TARGETED_DEVICE_FAMILY = "1,2";
			};
			name = Debug;
		};
		DA2797B61E326090008B98C1 /* Release */ = {
			isa = XCBuildConfiguration;
			buildSettings = {
				ALWAYS_SEARCH_USER_PATHS = NO;
				CLANG_ANALYZER_NONNULL = YES;
				CLANG_CXX_LANGUAGE_STANDARD = "gnu++0x";
				CLANG_CXX_LIBRARY = "libc++";
				CLANG_ENABLE_MODULES = YES;
				CLANG_ENABLE_OBJC_ARC = YES;
				CLANG_WARN_BOOL_CONVERSION = YES;
				CLANG_WARN_CONSTANT_CONVERSION = YES;
				CLANG_WARN_DIRECT_OBJC_ISA_USAGE = YES_ERROR;
				CLANG_WARN_DOCUMENTATION_COMMENTS = YES;
				CLANG_WARN_EMPTY_BODY = YES;
				CLANG_WARN_ENUM_CONVERSION = YES;
				CLANG_WARN_INFINITE_RECURSION = YES;
				CLANG_WARN_INT_CONVERSION = YES;
				CLANG_WARN_OBJC_ROOT_CLASS = YES_ERROR;
				CLANG_WARN_SUSPICIOUS_MOVE = YES;
				CLANG_WARN_UNREACHABLE_CODE = YES;
				CLANG_WARN__DUPLICATE_METHOD_MATCH = YES;
				"CODE_SIGN_IDENTITY[sdk=iphoneos*]" = "iPhone Developer";
				COPY_PHASE_STRIP = NO;
				DEBUG_INFORMATION_FORMAT = "dwarf-with-dsym";
				ENABLE_NS_ASSERTIONS = NO;
				ENABLE_STRICT_OBJC_MSGSEND = YES;
				GCC_C_LANGUAGE_STANDARD = gnu99;
				GCC_NO_COMMON_BLOCKS = YES;
				GCC_WARN_64_TO_32_BIT_CONVERSION = YES;
				GCC_WARN_ABOUT_RETURN_TYPE = YES_ERROR;
				GCC_WARN_UNDECLARED_SELECTOR = YES;
				GCC_WARN_UNINITIALIZED_AUTOS = YES_AGGRESSIVE;
				GCC_WARN_UNUSED_FUNCTION = YES;
				GCC_WARN_UNUSED_VARIABLE = YES;
				IPHONEOS_DEPLOYMENT_TARGET = 9.0;
				MTL_ENABLE_DEBUG_INFO = NO;
				SDKROOT = iphoneos;
				SWIFT_OPTIMIZATION_LEVEL = "-Owholemodule";
				TARGETED_DEVICE_FAMILY = "1,2";
				VALIDATE_PRODUCT = YES;
			};
			name = Release;
		};
		DA2797B81E326090008B98C1 /* Debug */ = {
			isa = XCBuildConfiguration;
			buildSettings = {
				DEVELOPMENT_TEAM = 7AMWG3RLHN;
				INFOPLIST_FILE = ScienceFighter/Info.plist;
				LD_RUNPATH_SEARCH_PATHS = "$(inherited) @executable_path/Frameworks";
				PRODUCT_BUNDLE_IDENTIFIER = iturbide.sciencefighter;
				PRODUCT_NAME = "$(TARGET_NAME)";
				SWIFT_VERSION = 3.0;
				TARGETED_DEVICE_FAMILY = "1,2";
			};
			name = Debug;
		};
		DA2797B91E326090008B98C1 /* Release */ = {
			isa = XCBuildConfiguration;
			buildSettings = {
				DEVELOPMENT_TEAM = 7AMWG3RLHN;
				INFOPLIST_FILE = ScienceFighter/Info.plist;
				LD_RUNPATH_SEARCH_PATHS = "$(inherited) @executable_path/Frameworks";
				PRODUCT_BUNDLE_IDENTIFIER = iturbide.sciencefighter;
				PRODUCT_NAME = "$(TARGET_NAME)";
				SWIFT_VERSION = 3.0;
				TARGETED_DEVICE_FAMILY = "1,2";
			};
			name = Release;
		};
/* End XCBuildConfiguration section */

/* Begin XCConfigurationList section */
		DA2797A01E326090008B98C1 /* Build configuration list for PBXProject "ScienceFighter" */ = {
			isa = XCConfigurationList;
			buildConfigurations = (
				DA2797B51E326090008B98C1 /* Debug */,
				DA2797B61E326090008B98C1 /* Release */,
			);
			defaultConfigurationIsVisible = 0;
			defaultConfigurationName = Release;
		};
		DA2797B71E326090008B98C1 /* Build configuration list for PBXNativeTarget "ScienceFighter" */ = {
			isa = XCConfigurationList;
			buildConfigurations = (
				DA2797B81E326090008B98C1 /* Debug */,
				DA2797B91E326090008B98C1 /* Release */,
			);
			defaultConfigurationIsVisible = 0;
			defaultConfigurationName = Release;
		};
/* End XCConfigurationList section */
	};
	rootObject = DA27979D1E326090008B98C1 /* Project object */;
}
